
Microsoft Visual Studio Solution File, Format Version 12.00
# Visual Studio Version 17
VisualStudioVersion = 17.0.31903.59
MinimumVisualStudioVersion = 10.0.40219.1
Project("{FAE04EC0-301F-11D3-BF4B-00C04F79EFBC}") = "BeautyCons", "src/BeautyCons.csproj", "{EB7017AF-C0EE-4416-AEC5-27D516530AF7}"
EndProject
Global
	GlobalSection(SolutionConfigurationPlatforms) = preSolution
		Debug|Any CPU = Debug|Any CPU
		Release|Any CPU = Release|Any CPU
	EndGlobalSection
	GlobalSection(ProjectConfigurationPlatforms) = postSolution
		{EB7017AF-C0EE-4416-AEC5-27D516530AF7}.Debug|Any CPU.ActiveCfg = Debug|Any CPU
		{EB7017AF-C0EE-4416-AEC5-27D516530AF7}.Debug|Any CPU.Build.0 = Debug|Any CPU
		{EB7017AF-C0EE-4416-AEC5-27D516530AF7}.Release|Any CPU.ActiveCfg = Release|Any CPU
		{EB7017AF-C0EE-4416-AEC5-27D516530AF7}.Release|Any CPU.Build.0 = Release|Any CPU
	EndGlobalSection
EndGlobal
